# THIS IS AN AUTOGENERATED FILE. DO NOT EDIT THIS FILE DIRECTLY.
# yarn lockfile v1


"@esbuild/android-arm64@0.18.16":
  version "0.18.16"
  resolved "https://registry.yarnpkg.com/@esbuild/android-arm64/-/android-arm64-0.18.16.tgz#34f562abc0015933aabd41b3d50d8d3359e30155"
  integrity sha512-wsCqSPqLz+6Ov+OM4EthU43DyYVVyfn15S4j1bJzylDpc1r1jZFFfJQNfDuT8SlgwuqpmpJXK4uPlHGw6ve7eA==

"@esbuild/android-arm@0.18.16":
  version "0.18.16"
  resolved "https://registry.yarnpkg.com/@esbuild/android-arm/-/android-arm-0.18.16.tgz#ef6f9aa59a79a9b9330a2e73f7eb402c6630c267"
  integrity sha512-gCHjjQmA8L0soklKbLKA6pgsLk1byULuHe94lkZDzcO3/Ta+bbeewJioEn1Fr7kgy9NWNFy/C+MrBwC6I/WCug==

"@esbuild/android-x64@0.18.16":
  version "0.18.16"
  resolved "https://registry.yarnpkg.com/@esbuild/android-x64/-/android-x64-0.18.16.tgz#ed7444cb17542932c67b15e20528686853239cfd"
  integrity sha512-ldsTXolyA3eTQ1//4DS+E15xl0H/3DTRJaRL0/0PgkqDsI0fV/FlOtD+h0u/AUJr+eOTlZv4aC9gvfppo3C4sw==

"@esbuild/darwin-arm64@0.18.16":
  version "0.18.16"
  resolved "https://registry.yarnpkg.com/@esbuild/darwin-arm64/-/darwin-arm64-0.18.16.tgz#3c5a083e6e08a50f478fa243939989d86be1c6bf"
  integrity sha512-aBxruWCII+OtluORR/KvisEw0ALuw/qDQWvkoosA+c/ngC/Kwk0lLaZ+B++LLS481/VdydB2u6tYpWxUfnLAIw==

"@esbuild/darwin-x64@0.18.16":
  version "0.18.16"
  resolved "https://registry.yarnpkg.com/@esbuild/darwin-x64/-/darwin-x64-0.18.16.tgz#a8f3b61bee2807131cbe28eb164ad2b0333b59f5"
  integrity sha512-6w4Dbue280+rp3LnkgmriS1icOUZDyPuZo/9VsuMUTns7SYEiOaJ7Ca1cbhu9KVObAWfmdjUl4gwy9TIgiO5eA==

"@esbuild/freebsd-arm64@0.18.16":
  version "0.18.16"
  resolved "https://registry.yarnpkg.com/@esbuild/freebsd-arm64/-/freebsd-arm64-0.18.16.tgz#9bdbb3f0e5f0842b21c9b8602e70c106174ac24c"
  integrity sha512-x35fCebhe9s979DGKbVAwXUOcTmCIE32AIqB9CB1GralMIvxdnMLAw5CnID17ipEw9/3MvDsusj/cspYt2ZLNQ==

"@esbuild/freebsd-x64@0.18.16":
  version "0.18.16"
  resolved "https://registry.yarnpkg.com/@esbuild/freebsd-x64/-/freebsd-x64-0.18.16.tgz#24f73956436495cc7a5a4bf06be6b661aea6a2c1"
  integrity sha512-YM98f+PeNXF3GbxIJlUsj+McUWG1irguBHkszCIwfr3BXtXZsXo0vqybjUDFfu9a8Wr7uUD/YSmHib+EeGAFlg==

"@esbuild/linux-arm64@0.18.16":
  version "0.18.16"
  resolved "https://registry.yarnpkg.com/@esbuild/linux-arm64/-/linux-arm64-0.18.16.tgz#244569757f9cbd912f5a595a8ad8144f8c915f13"
  integrity sha512-XIqhNUxJiuy+zsR77+H5Z2f7s4YRlriSJKtvx99nJuG5ATuJPjmZ9n0ANgnGlPCpXGSReFpgcJ7O3SMtzIFeiQ==

"@esbuild/linux-arm@0.18.16":
  version "0.18.16"
  resolved "https://registry.yarnpkg.com/@esbuild/linux-arm/-/linux-arm-0.18.16.tgz#d63923c63af534032cc5ea0b2a0b3de10f8357f5"
  integrity sha512-b5ABb+5Ha2C9JkeZXV+b+OruR1tJ33ePmv9ZwMeETSEKlmu/WJ45XTTG+l6a2KDsQtJJ66qo/hbSGBtk0XVLHw==

"@esbuild/linux-ia32@0.18.16":
  version "0.18.16"
  resolved "https://registry.yarnpkg.com/@esbuild/linux-ia32/-/linux-ia32-0.18.16.tgz#a8825ccea6309f0bccfc5d87b43163ba804c2f20"
  integrity sha512-no+pfEpwnRvIyH+txbBAWtjxPU9grslmTBfsmDndj7bnBmr55rOo/PfQmRfz7Qg9isswt1FP5hBbWb23fRWnow==

"@esbuild/linux-loong64@0.18.16":
  version "0.18.16"
  resolved "https://registry.yarnpkg.com/@esbuild/linux-loong64/-/linux-loong64-0.18.16.tgz#f530e820fc3c61cf2206155b994aeab53b6d25be"
  integrity sha512-Zbnczs9ZXjmo0oZSS0zbNlJbcwKXa/fcNhYQjahDs4Xg18UumpXG/lwM2lcSvHS3mTrRyCYZvJbmzYc4laRI1g==

"@esbuild/linux-mips64el@0.18.16":
  version "0.18.16"
  resolved "https://registry.yarnpkg.com/@esbuild/linux-mips64el/-/linux-mips64el-0.18.16.tgz#2d47ace539257896865d243641bd6716684a1e82"
  integrity sha512-YMF7hih1HVR/hQVa/ot4UVffc5ZlrzEb3k2ip0nZr1w6fnYypll9td2qcoMLvd3o8j3y6EbJM3MyIcXIVzXvQQ==

"@esbuild/linux-ppc64@0.18.16":
  version "0.18.16"
  resolved "https://registry.yarnpkg.com/@esbuild/linux-ppc64/-/linux-ppc64-0.18.16.tgz#d6913e7e9be9e242a6a20402800141bdbe7009f7"
  integrity sha512-Wkz++LZ29lDwUyTSEnzDaaP5OveOgTU69q9IyIw9WqLRxM4BjTBjz9un4G6TOvehWpf/J3gYVFN96TjGHrbcNQ==

"@esbuild/linux-riscv64@0.18.16":
  version "0.18.16"
  resolved "https://registry.yarnpkg.com/@esbuild/linux-riscv64/-/linux-riscv64-0.18.16.tgz#8f33b627389c8234fe61f4636c134f17fb1d9b09"
  integrity sha512-LFMKZ30tk78/mUv1ygvIP+568bwf4oN6reG/uczXnz6SvFn4e2QUFpUpZY9iSJT6Qpgstrhef/nMykIXZtZWGQ==

"@esbuild/linux-s390x@0.18.16":
  version "0.18.16"
  resolved "https://registry.yarnpkg.com/@esbuild/linux-s390x/-/linux-s390x-0.18.16.tgz#4d44c030f78962cf410f604f92fcc1505e4afdde"
  integrity sha512-3ZC0BgyYHYKfZo3AV2/66TD/I9tlSBaW7eWTEIkrQQKfJIifKMMttXl9FrAg+UT0SGYsCRLI35Gwdmm96vlOjg==

"@esbuild/linux-x64@0.18.16":
  version "0.18.16"
  resolved "https://registry.yarnpkg.com/@esbuild/linux-x64/-/linux-x64-0.18.16.tgz#8846d00e16b1e93eb488c8b4dd51c946adfc236f"
  integrity sha512-xu86B3647DihHJHv/wx3NCz2Dg1gjQ8bbf9cVYZzWKY+gsvxYmn/lnVlqDRazObc3UMwoHpUhNYaZset4X8IPA==

"@esbuild/netbsd-x64@0.18.16":
  version "0.18.16"
  resolved "https://registry.yarnpkg.com/@esbuild/netbsd-x64/-/netbsd-x64-0.18.16.tgz#6514a86bd07744f3100d2813ea2fb6520d53e72e"
  integrity sha512-uVAgpimx9Ffw3xowtg/7qQPwHFx94yCje+DoBx+LNm2ePDpQXHrzE+Sb0Si2VBObYz+LcRps15cq+95YM7gkUw==

"@esbuild/openbsd-x64@0.18.16":
  version "0.18.16"
  resolved "https://registry.yarnpkg.com/@esbuild/openbsd-x64/-/openbsd-x64-0.18.16.tgz#ae67ce766d58aab6c0e6037f1a76f15df4a2a5fe"
  integrity sha512-6OjCQM9wf7z8/MBi6BOWaTL2AS/SZudsZtBziXMtNI8r/U41AxS9x7jn0ATOwVy08OotwkPqGRMkpPR2wcTJXA==

"@esbuild/sunos-x64@0.18.16":
  version "0.18.16"
  resolved "https://registry.yarnpkg.com/@esbuild/sunos-x64/-/sunos-x64-0.18.16.tgz#998efe8a58374b7351ac710455051639a6ce6a05"
  integrity sha512-ZoNkruFYJp9d1LbUYCh8awgQDvB9uOMZqlQ+gGEZR7v6C+N6u7vPr86c+Chih8niBR81Q/bHOSKGBK3brJyvkQ==

"@esbuild/win32-arm64@0.18.16":
  version "0.18.16"
  resolved "https://registry.yarnpkg.com/@esbuild/win32-arm64/-/win32-arm64-0.18.16.tgz#8de33682243508eef8d4de1816df2c05adad2b21"
  integrity sha512-+j4anzQ9hrs+iqO+/wa8UE6TVkKua1pXUb0XWFOx0FiAj6R9INJ+WE//1/Xo6FG1vB5EpH3ko+XcgwiDXTxcdw==

"@esbuild/win32-ia32@0.18.16":
  version "0.18.16"
  resolved "https://registry.yarnpkg.com/@esbuild/win32-ia32/-/win32-ia32-0.18.16.tgz#95c9f4274fb3ef9e449d464ffe3e3b7fa091503b"
  integrity sha512-5PFPmq3sSKTp9cT9dzvI67WNfRZGvEVctcZa1KGjDDu4n3H8k59Inbk0du1fz0KrAbKKNpJbdFXQMDUz7BG4rQ==

"@esbuild/win32-x64@0.18.16":
  version "0.18.16"
  resolved "https://registry.yarnpkg.com/@esbuild/win32-x64/-/win32-x64-0.18.16.tgz#5be58d31d0120c68af8e38b702e6937ce764cd68"
  integrity sha512-sCIVrrtcWN5Ua7jYXNG1xD199IalrbfV2+0k/2Zf2OyV2FtnQnMgdzgpRAbi4AWlKJj1jkX+M+fEGPQj6BQB4w==

"@mvc-works/codearea@^0.0.3":
  version "0.0.3"
  resolved "https://registry.yarnpkg.com/@mvc-works/codearea/-/codearea-0.0.3.tgz#88c2d0ae0644f9053adce423f9dc1bcba773adbe"
  integrity sha512-gqPQ/PIwsqoI9mF09NDMiFd5OtKMfS4QAEYvDdrE0FzE4XoiUph3S/pGHfmzErncCdGxNtix4Q7iyvRe3qB/zA==

esbuild@^0.18.10:
  version "0.18.16"
  resolved "https://registry.yarnpkg.com/esbuild/-/esbuild-0.18.16.tgz#bbeb058c556152bcbff4e8168e7c93020ccf09c3"
  integrity sha512-1xLsOXrDqwdHxyXb/x/SOyg59jpf/SH7YMvU5RNSU7z3TInaASNJWNFJ6iRvLvLETZMasF3d1DdZLg7sgRimRQ==
  optionalDependencies:
    "@esbuild/android-arm" "0.18.16"
    "@esbuild/android-arm64" "0.18.16"
    "@esbuild/android-x64" "0.18.16"
    "@esbuild/darwin-arm64" "0.18.16"
    "@esbuild/darwin-x64" "0.18.16"
    "@esbuild/freebsd-arm64" "0.18.16"
    "@esbuild/freebsd-x64" "0.18.16"
    "@esbuild/linux-arm" "0.18.16"
    "@esbuild/linux-arm64" "0.18.16"
    "@esbuild/linux-ia32" "0.18.16"
    "@esbuild/linux-loong64" "0.18.16"
    "@esbuild/linux-mips64el" "0.18.16"
    "@esbuild/linux-ppc64" "0.18.16"
    "@esbuild/linux-riscv64" "0.18.16"
    "@esbuild/linux-s390x" "0.18.16"
    "@esbuild/linux-x64" "0.18.16"
    "@esbuild/netbsd-x64" "0.18.16"
    "@esbuild/openbsd-x64" "0.18.16"
    "@esbuild/sunos-x64" "0.18.16"
    "@esbuild/win32-arm64" "0.18.16"
    "@esbuild/win32-ia32" "0.18.16"
    "@esbuild/win32-x64" "0.18.16"

fsevents@~2.3.2:
  version "2.3.2"
  resolved "https://registry.yarnpkg.com/fsevents/-/fsevents-2.3.2.tgz#8a526f78b8fdf4623b709e0b975c52c24c02fd1a"
  integrity sha512-xiqMQR4xAeHTuB9uWm+fFRcIOgKBMiOBP+eXiyT7jsgVCq1bkVygt00oASowB7EdtpOHaaPgKt812P9ab+DDKA==

nanoid@^3.3.6:
  version "3.3.6"
  resolved "https://registry.yarnpkg.com/nanoid/-/nanoid-3.3.6.tgz#443380c856d6e9f9824267d960b4236ad583ea4c"
  integrity sha512-BGcqMMJuToF7i1rt+2PWSNVnWIkGCU78jBG3RxO/bZlnZPK2Cmi2QaffxGO/2RvWi9sL+FAiRiXMgsyxQ1DIDA==

picocolors@^1.0.0:
  version "1.0.0"
  resolved "https://registry.yarnpkg.com/picocolors/-/picocolors-1.0.0.tgz#cb5bdc74ff3f51892236eaf79d68bc44564ab81c"
  integrity sha512-1fygroTLlHu66zi26VoTDv8yRgm0Fccecssto+MhsZ0D/DGW2sm8E8AjW7NU5VVTRt5GxbeZ5qBuJr+HyLYkjQ==

postcss@^8.4.26:
  version "8.4.27"
  resolved "https://registry.yarnpkg.com/postcss/-/postcss-8.4.27.tgz#234d7e4b72e34ba5a92c29636734349e0d9c3057"
  integrity sha512-gY/ACJtJPSmUFPDCHtX78+01fHa64FaU4zaaWfuh1MhGJISufJAH4cun6k/8fwsHYeK4UQmENQK+tRLCFJE8JQ==
  dependencies:
    nanoid "^3.3.6"
    picocolors "^1.0.0"
    source-map-js "^1.0.2"

rollup@^3.25.2:
  version "3.26.3"
  resolved "https://registry.yarnpkg.com/rollup/-/rollup-3.26.3.tgz#bbc8818cadd0aebca348dbb3d68d296d220967b8"
  integrity sha512-7Tin0C8l86TkpcMtXvQu6saWH93nhG3dGQ1/+l5V2TDMceTxO7kDiK6GzbfLWNNxqJXm591PcEZUozZm51ogwQ==
  optionalDependencies:
    fsevents "~2.3.2"

source-map-js@^1.0.2:
  version "1.0.2"
  resolved "https://registry.yarnpkg.com/source-map-js/-/source-map-js-1.0.2.tgz#adbc361d9c62df380125e7f161f71c826f1e490c"
  integrity sha512-R0XvVJ9WusLiqTCEiGCmICCMplcCkIwwR11mOSD9CR5u+IXYdiseeEuXCVAjS54zqwkLcPNnmU4OeJ6tUrWhDw==

vite@^4.4.6:
  version "4.4.6"
  resolved "https://registry.yarnpkg.com/vite/-/vite-4.4.6.tgz#97a0a43868ec773fd88980d7c323c80233521cf1"
  integrity sha512-EY6Mm8vJ++S3D4tNAckaZfw3JwG3wa794Vt70M6cNJ6NxT87yhq7EC8Rcap3ahyHdo8AhCmV9PTk+vG1HiYn1A==
  dependencies:
    esbuild "^0.18.10"
    postcss "^8.4.26"
    rollup "^3.25.2"
  optionalDependencies:
    fsevents "~2.3.2"
